
Microsoft Visual Studio Solution File, Format Version 12.00
# Visual Studio 14
VisualStudioVersion = 14.0.23107.0
MinimumVisualStudioVersion = 10.0.40219.1
Project("{FAE04EC0-301F-11D3-BF4B-00C04F79EFBC}") = "MovieStoreDAL", "MovieStoreDAL\MovieStoreDAL.csproj", "{93F41840-309D-445F-8010-81C1772A1432}"
EndProject
Project("{FAE04EC0-301F-11D3-BF4B-00C04F79EFBC}") = "MovieStoreAdminUI", "MovieStoreAdminUI\MovieStoreAdminUI.csproj", "{A38C1DD3-ED9A-4217-9928-A54D946C4592}"
EndProject
Project("{FAE04EC0-301F-11D3-BF4B-00C04F79EFBC}") = "MovieStoreUserUI", "MovieStoreUserUI\MovieStoreUserUI.csproj", "{91175535-3BA8-480E-BE10-6F4850C563CF}"
EndProject
Project("{FAE04EC0-301F-11D3-BF4B-00C04F79EFBC}") = "MovieStoreCustomerTest", "MovieStoreCustomerTest\MovieStoreCustomerTest.csproj", "{24C095B5-6394-4B8E-B509-E3EA0A6D7A56}"
EndProject
Global
	GlobalSection(SolutionConfigurationPlatforms) = preSolution
		Debug|Any CPU = Debug|Any CPU
		Release|Any CPU = Release|Any CPU
	EndGlobalSection
	GlobalSection(ProjectConfigurationPlatforms) = postSolution
		{93F41840-309D-445F-8010-81C1772A1432}.Debug|Any CPU.ActiveCfg = Debug|Any CPU
		{93F41840-309D-445F-8010-81C1772A1432}.Debug|Any CPU.Build.0 = Debug|Any CPU
		{93F41840-309D-445F-8010-81C1772A1432}.Release|Any CPU.ActiveCfg = Release|Any CPU
		{93F41840-309D-445F-8010-81C1772A1432}.Release|Any CPU.Build.0 = Release|Any CPU
		{A38C1DD3-ED9A-4217-9928-A54D946C4592}.Debug|Any CPU.ActiveCfg = Debug|Any CPU
		{A38C1DD3-ED9A-4217-9928-A54D946C4592}.Debug|Any CPU.Build.0 = Debug|Any CPU
		{A38C1DD3-ED9A-4217-9928-A54D946C4592}.Release|Any CPU.ActiveCfg = Release|Any CPU
		{A38C1DD3-ED9A-4217-9928-A54D946C4592}.Release|Any CPU.Build.0 = Release|Any CPU
		{91175535-3BA8-480E-BE10-6F4850C563CF}.Debug|Any CPU.ActiveCfg = Debug|Any CPU
		{91175535-3BA8-480E-BE10-6F4850C563CF}.Debug|Any CPU.Build.0 = Debug|Any CPU
		{91175535-3BA8-480E-BE10-6F4850C563CF}.Release|Any CPU.ActiveCfg = Release|Any CPU
		{91175535-3BA8-480E-BE10-6F4850C563CF}.Release|Any CPU.Build.0 = Release|Any CPU
		{24C095B5-6394-4B8E-B509-E3EA0A6D7A56}.Debug|Any CPU.ActiveCfg = Debug|Any CPU
		{24C095B5-6394-4B8E-B509-E3EA0A6D7A56}.Debug|Any CPU.Build.0 = Debug|Any CPU
		{24C095B5-6394-4B8E-B509-E3EA0A6D7A56}.Release|Any CPU.ActiveCfg = Release|Any CPU
		{24C095B5-6394-4B8E-B509-E3EA0A6D7A56}.Release|Any CPU.Build.0 = Release|Any CPU
	EndGlobalSection
	GlobalSection(SolutionProperties) = preSolution
		HideSolutionNode = FALSE
	EndGlobalSection
EndGlobal
